
Microsoft Visual Studio Solution File, Format Version 12.00
# Visual Studio Version 17
VisualStudioVersion = 17.3.32929.385
MinimumVisualStudioVersion = 10.0.40219.1
Project("{FAE04EC0-301F-11D3-BF4B-00C04F79EFBC}") = "AccessProyect", "AccessProyect\AccessProyect.csproj", "{ADB6CCD5-EC07-4F18-A7FB-7E90CCD87753}"
EndProject
Global
	GlobalSection(SolutionConfigurationPlatforms) = preSolution
		Debug|Any CPU = Debug|Any CPU
		Release|Any CPU = Release|Any CPU
	EndGlobalSection
	GlobalSection(ProjectConfigurationPlatforms) = postSolution
		{ADB6CCD5-EC07-4F18-A7FB-7E90CCD87753}.Debug|Any CPU.ActiveCfg = Debug|Any CPU
		{ADB6CCD5-EC07-4F18-A7FB-7E90CCD87753}.Debug|Any CPU.Build.0 = Debug|Any CPU
		{ADB6CCD5-EC07-4F18-A7FB-7E90CCD87753}.Release|Any CPU.ActiveCfg = Release|Any CPU
		{ADB6CCD5-EC07-4F18-A7FB-7E90CCD87753}.Release|Any CPU.Build.0 = Release|Any CPU
	EndGlobalSection
	GlobalSection(SolutionProperties) = preSolution
		HideSolutionNode = FALSE
	EndGlobalSection
	GlobalSection(ExtensibilityGlobals) = postSolution
		SolutionGuid = {F0FA0ADD-103F-4E5B-93F9-04B043738BE3}
	EndGlobalSection
EndGlobal
